
Microsoft Visual Studio Solution File, Format Version 12.00
# Visual Studio 2013
VisualStudioVersion = 12.0.30110.0
MinimumVisualStudioVersion = 10.0.40219.1
Project("{FAE04EC0-301F-11D3-BF4B-00C04F79EFBC}") = "Boot.Multitenancy", "Src\Boot.Multitenancy.csproj", "{204DD028-0830-4916-9C8F-01CA9337A378}"
EndProject
Project("{2150E333-8FDC-42A3-9474-1A3956D46DE8}") = ".nuget", ".nuget", "{1F43254A-8F44-4BE8-B196-E34A8DB838FE}"
	ProjectSection(SolutionItems) = preProject
		.nuget\NuGet.Config = .nuget\NuGet.Config
		.nuget\NuGet.exe = .nuget\NuGet.exe
		.nuget\NuGet.targets = .nuget\NuGet.targets
	EndProjectSection
EndProject
Project("{2150E333-8FDC-42A3-9474-1A3956D46DE8}") = "_SolutionItems", "_SolutionItems", "{D9CDA1FE-401F-45EA-8A5B-DD9CC140CB7A}"
	ProjectSection(SolutionItems) = preProject
		Notes.txt = Notes.txt
	EndProjectSection
EndProject
Project("{2150E333-8FDC-42A3-9474-1A3956D46DE8}") = "Mvc5TestProject", "Mvc5TestProject", "{C4A0E174-F09C-4B80-8E63-4F340CA5E9A4}"
EndProject
Project("{FAE04EC0-301F-11D3-BF4B-00C04F79EFBC}") = "Boot.WebTest", "Boot.WebTest\Boot.WebTest.csproj", "{35C6B96B-6035-438D-BFFB-224B1946DA60}"
EndProject
Project("{2150E333-8FDC-42A3-9474-1A3956D46DE8}") = "Solution Items", "Solution Items", "{9CCDD7C5-6880-442A-B30E-83FB40E0014C}"
	ProjectSection(SolutionItems) = preProject
		Readme.md = Readme.md
	EndProjectSection
EndProject
Global
	GlobalSection(SolutionConfigurationPlatforms) = preSolution
		Debug|Any CPU = Debug|Any CPU
		Release|Any CPU = Release|Any CPU
	EndGlobalSection
	GlobalSection(ProjectConfigurationPlatforms) = postSolution
		{204DD028-0830-4916-9C8F-01CA9337A378}.Debug|Any CPU.ActiveCfg = Release|Any CPU
		{204DD028-0830-4916-9C8F-01CA9337A378}.Debug|Any CPU.Build.0 = Release|Any CPU
		{204DD028-0830-4916-9C8F-01CA9337A378}.Release|Any CPU.ActiveCfg = Release|Any CPU
		{204DD028-0830-4916-9C8F-01CA9337A378}.Release|Any CPU.Build.0 = Release|Any CPU
		{35C6B96B-6035-438D-BFFB-224B1946DA60}.Debug|Any CPU.ActiveCfg = Debug|Any CPU
		{35C6B96B-6035-438D-BFFB-224B1946DA60}.Debug|Any CPU.Build.0 = Debug|Any CPU
		{35C6B96B-6035-438D-BFFB-224B1946DA60}.Release|Any CPU.ActiveCfg = Release|Any CPU
		{35C6B96B-6035-438D-BFFB-224B1946DA60}.Release|Any CPU.Build.0 = Release|Any CPU
	EndGlobalSection
	GlobalSection(SolutionProperties) = preSolution
		HideSolutionNode = FALSE
	EndGlobalSection
	GlobalSection(NestedProjects) = preSolution
		{35C6B96B-6035-438D-BFFB-224B1946DA60} = {C4A0E174-F09C-4B80-8E63-4F340CA5E9A4}
	EndGlobalSection
EndGlobal
